// !$*UTF8*$!
{
	archiveVersion = 1;
	classes = {
	};
	objectVersion = 46;
	objects = {

/* Begin PBXBuildFile section */
		3BAC995A10953DF400F235F1 /* SystemConfiguration.framework in Frameworks */ = {isa = PBXBuildFile; fileRef = 3BAC995510953DF400F235F1 /* SystemConfiguration.framework */; };
		3BAC995B10953DF400F235F1 /* CoreGraphics.framework in Frameworks */ = {isa = PBXBuildFile; fileRef = 3BAC995610953DF400F235F1 /* CoreGraphics.framework */; };
		3BAC995C10953DF400F235F1 /* UIKit.framework in Frameworks */ = {isa = PBXBuildFile; fileRef = 3BAC995710953DF400F235F1 /* UIKit.framework */; };
		3BAC995D10953DF400F235F1 /* QuartzCore.framework in Frameworks */ = {isa = PBXBuildFile; fileRef = 3BAC995810953DF400F235F1 /* QuartzCore.framework */; };
		3BAC995E10953DF400F235F1 /* MapKit.framework in Frameworks */ = {isa = PBXBuildFile; fileRef = 3BAC995910953DF400F235F1 /* MapKit.framework */; };
		3BAC9A0B10953E2400F235F1 /* TKUCalendarMonthView.h in Headers */ = {isa = PBXBuildFile; fileRef = 3BAC99FC10953E2400F235F1 /* TKUCalendarMonthView.h */; };
		3BAC9A0C10953E2400F235F1 /* TKUCalendarMonthView.m in Sources */ = {isa = PBXBuildFile; fileRef = 3BAC99FD10953E2400F235F1 /* TKUCalendarMonthView.m */; };
		3BAC9A0D10953E2400F235F1 /* TKUCalendarMonthViewController.h in Headers */ = {isa = PBXBuildFile; fileRef = 3BAC99FE10953E2400F235F1 /* TKUCalendarMonthViewController.h */; };
		3BAC9A0E10953E2400F235F1 /* TKUCalendarMonthViewController.m in Sources */ = {isa = PBXBuildFile; fileRef = 3BAC99FF10953E2400F235F1 /* TKUCalendarMonthViewController.m */; };
		3BAC9A5510953E5200F235F1 /* TapkuLibrary.h in Headers */ = {isa = PBXBuildFile; fileRef = 3BAC9A1B10953E5200F235F1 /* TapkuLibrary.h */; };
		3BAC9A5610953E5200F235F1 /* TKUGlobal.h in Headers */ = {isa = PBXBuildFile; fileRef = 3BAC9A1D10953E5200F235F1 /* TKUGlobal.h */; };
		3BAC9A5710953E5200F235F1 /* TKUGlobal.m in Sources */ = {isa = PBXBuildFile; fileRef = 3BAC9A1E10953E5200F235F1 /* TKUGlobal.m */; };
		3BAC9A5810953E5200F235F1 /* UIImage+TKUAdditions.h in Headers */ = {isa = PBXBuildFile; fileRef = 3BAC9A1F10953E5200F235F1 /* UIImage+TKUAdditions.h */; };
		3BAC9A5910953E5200F235F1 /* UIImage+TKUAdditions.m in Sources */ = {isa = PBXBuildFile; fileRef = 3BAC9A2010953E5200F235F1 /* UIImage+TKUAdditions.m */; };
		3BAC9A5A10953E5200F235F1 /* UIView+TKUAdditions.h in Headers */ = {isa = PBXBuildFile; fileRef = 3BAC9A2110953E5200F235F1 /* UIView+TKUAdditions.h */; };
		3BAC9A5B10953E5200F235F1 /* UIView+TKUAdditions.m in Sources */ = {isa = PBXBuildFile; fileRef = 3BAC9A2210953E5200F235F1 /* UIView+TKUAdditions.m */; };
		3BAC9A5C10953E5200F235F1 /* NSDate+TKUAdditions.h in Headers */ = {isa = PBXBuildFile; fileRef = 3BAC9A2310953E5200F235F1 /* NSDate+TKUAdditions.h */; };
		3BAC9A5D10953E5200F235F1 /* NSDate+TKUAdditions.m in Sources */ = {isa = PBXBuildFile; fileRef = 3BAC9A2410953E5200F235F1 /* NSDate+TKUAdditions.m */; };
		3BAC9A7410953E5200F235F1 /* TKULoadingHUDView.h in Headers */ = {isa = PBXBuildFile; fileRef = 3BAC9A3F10953E5200F235F1 /* TKULoadingHUDView.h */; };
		3BAC9A7510953E5200F235F1 /* TKULoadingHUDView.m in Sources */ = {isa = PBXBuildFile; fileRef = 3BAC9A4010953E5200F235F1 /* TKULoadingHUDView.m */; };
		3BF000FE10957EE50062DA49 /* NSString+TKUAdditions.h in Headers */ = {isa = PBXBuildFile; fileRef = 3BF000FC10957EE50062DA49 /* NSString+TKUAdditions.h */; };
		3BF000FF10957EE50062DA49 /* NSString+TKUAdditions.m in Sources */ = {isa = PBXBuildFile; fileRef = 3BF000FD10957EE50062DA49 /* NSString+TKUAdditions.m */; };
		AA747D9F0F9514B9006C5449 /* TapkuLibrary_Prefix.pch in Headers */ = {isa = PBXBuildFile; fileRef = AA747D9E0F9514B9006C5449 /* TapkuLibrary_Prefix.pch */; };
		AACBBE4A0F95108600F1A2B1 /* Foundation.framework in Frameworks */ = {isa = PBXBuildFile; fileRef = AACBBE490F95108600F1A2B1 /* Foundation.framework */; };
/* End PBXBuildFile section */

/* Begin PBXFileReference section */
		3BAC995510953DF400F235F1 /* SystemConfiguration.framework */ = {isa = PBXFileReference; lastKnownFileType = wrapper.framework; name = SystemConfiguration.framework; path = System/Library/Frameworks/SystemConfiguration.framework; sourceTree = SDKROOT; };
		3BAC995610953DF400F235F1 /* CoreGraphics.framework */ = {isa = PBXFileReference; lastKnownFileType = wrapper.framework; name = CoreGraphics.framework; path = System/Library/Frameworks/CoreGraphics.framework; sourceTree = SDKROOT; };
		3BAC995710953DF400F235F1 /* UIKit.framework */ = {isa = PBXFileReference; lastKnownFileType = wrapper.framework; name = UIKit.framework; path = System/Library/Frameworks/UIKit.framework; sourceTree = SDKROOT; };
		3BAC995810953DF400F235F1 /* QuartzCore.framework */ = {isa = PBXFileReference; lastKnownFileType = wrapper.framework; name = QuartzCore.framework; path = System/Library/Frameworks/QuartzCore.framework; sourceTree = SDKROOT; };
		3BAC995910953DF400F235F1 /* MapKit.framework */ = {isa = PBXFileReference; lastKnownFileType = wrapper.framework; name = MapKit.framework; path = System/Library/Frameworks/MapKit.framework; sourceTree = SDKROOT; };
		3BAC99FC10953E2400F235F1 /* TKUCalendarMonthView.h */ = {isa = PBXFileReference; fileEncoding = 4; lastKnownFileType = sourcecode.c.h; path = TKUCalendarMonthView.h; sourceTree = "<group>"; };
		3BAC99FD10953E2400F235F1 /* TKUCalendarMonthView.m */ = {isa = PBXFileReference; fileEncoding = 4; lastKnownFileType = sourcecode.c.objc; path = TKUCalendarMonthView.m; sourceTree = "<group>"; };
		3BAC99FE10953E2400F235F1 /* TKUCalendarMonthViewController.h */ = {isa = PBXFileReference; fileEncoding = 4; lastKnownFileType = sourcecode.c.h; path = TKUCalendarMonthViewController.h; sourceTree = "<group>"; };
		3BAC99FF10953E2400F235F1 /* TKUCalendarMonthViewController.m */ = {isa = PBXFileReference; fileEncoding = 4; lastKnownFileType = sourcecode.c.objc; path = TKUCalendarMonthViewController.m; sourceTree = "<group>"; };
		3BAC9A1B10953E5200F235F1 /* TapkuLibrary.h */ = {isa = PBXFileReference; fileEncoding = 4; lastKnownFileType = sourcecode.c.h; path = TapkuLibrary.h; sourceTree = "<group>"; };
		3BAC9A1D10953E5200F235F1 /* TKUGlobal.h */ = {isa = PBXFileReference; fileEncoding = 4; lastKnownFileType = sourcecode.c.h; path = TKUGlobal.h; sourceTree = "<group>"; };
		3BAC9A1E10953E5200F235F1 /* TKUGlobal.m */ = {isa = PBXFileReference; fileEncoding = 4; lastKnownFileType = sourcecode.c.objc; path = TKUGlobal.m; sourceTree = "<group>"; };
		3BAC9A1F10953E5200F235F1 /* UIImage+TKUAdditions.h */ = {isa = PBXFileReference; fileEncoding = 4; lastKnownFileType = sourcecode.c.h; path = "UIImage+TKUAdditions.h"; sourceTree = "<group>"; };
		3BAC9A2010953E5200F235F1 /* UIImage+TKUAdditions.m */ = {isa = PBXFileReference; fileEncoding = 4; lastKnownFileType = sourcecode.c.objc; path = "UIImage+TKUAdditions.m"; sourceTree = "<group>"; };
		3BAC9A2110953E5200F235F1 /* UIView+TKUAdditions.h */ = {isa = PBXFileReference; fileEncoding = 4; lastKnownFileType = sourcecode.c.h; path = "UIView+TKUAdditions.h"; sourceTree = "<group>"; };
		3BAC9A2210953E5200F235F1 /* UIView+TKUAdditions.m */ = {isa = PBXFileReference; fileEncoding = 4; lastKnownFileType = sourcecode.c.objc; path = "UIView+TKUAdditions.m"; sourceTree = "<group>"; };
		3BAC9A2310953E5200F235F1 /* NSDate+TKUAdditions.h */ = {isa = PBXFileReference; fileEncoding = 4; lastKnownFileType = sourcecode.c.h; path = "NSDate+TKUAdditions.h"; sourceTree = "<group>"; };
		3BAC9A2410953E5200F235F1 /* NSDate+TKUAdditions.m */ = {isa = PBXFileReference; fileEncoding = 4; lastKnownFileType = sourcecode.c.objc; path = "NSDate+TKUAdditions.m"; sourceTree = "<group>"; };
		3BAC9A3F10953E5200F235F1 /* TKULoadingHUDView.h */ = {isa = PBXFileReference; fileEncoding = 4; lastKnownFileType = sourcecode.c.h; path = TKULoadingHUDView.h; sourceTree = "<group>"; };
		3BAC9A4010953E5200F235F1 /* TKULoadingHUDView.m */ = {isa = PBXFileReference; fileEncoding = 4; lastKnownFileType = sourcecode.c.objc; path = TKULoadingHUDView.m; sourceTree = "<group>"; };
		3BF000FC10957EE50062DA49 /* NSString+TKUAdditions.h */ = {isa = PBXFileReference; fileEncoding = 4; lastKnownFileType = sourcecode.c.h; path = "NSString+TKUAdditions.h"; sourceTree = "<group>"; };
		3BF000FD10957EE50062DA49 /* NSString+TKUAdditions.m */ = {isa = PBXFileReference; fileEncoding = 4; lastKnownFileType = sourcecode.c.objc; path = "NSString+TKUAdditions.m"; sourceTree = "<group>"; };
		AA747D9E0F9514B9006C5449 /* TapkuLibrary_Prefix.pch */ = {isa = PBXFileReference; fileEncoding = 4; lastKnownFileType = sourcecode.c.h; path = TapkuLibrary_Prefix.pch; sourceTree = SOURCE_ROOT; };
		AACBBE490F95108600F1A2B1 /* Foundation.framework */ = {isa = PBXFileReference; lastKnownFileType = wrapper.framework; name = Foundation.framework; path = System/Library/Frameworks/Foundation.framework; sourceTree = SDKROOT; };
		D2AAC07E0554694100DB518D /* libTapkuLibrary.a */ = {isa = PBXFileReference; explicitFileType = archive.ar; includeInIndex = 0; path = libTapkuLibrary.a; sourceTree = BUILT_PRODUCTS_DIR; };
/* End PBXFileReference section */

/* Begin PBXFrameworksBuildPhase section */
		D2AAC07C0554694100DB518D /* Frameworks */ = {
			isa = PBXFrameworksBuildPhase;
			buildActionMask = 2147483647;
			files = (
				AACBBE4A0F95108600F1A2B1 /* Foundation.framework in Frameworks */,
				3BAC995C10953DF400F235F1 /* UIKit.framework in Frameworks */,
				3BAC995A10953DF400F235F1 /* SystemConfiguration.framework in Frameworks */,
				3BAC995B10953DF400F235F1 /* CoreGraphics.framework in Frameworks */,
				3BAC995D10953DF400F235F1 /* QuartzCore.framework in Frameworks */,
				3BAC995E10953DF400F235F1 /* MapKit.framework in Frameworks */,
			);
			runOnlyForDeploymentPostprocessing = 0;
		};
/* End PBXFrameworksBuildPhase section */

/* Begin PBXGroup section */
		034768DFFF38A50411DB9C8B /* Products */ = {
			isa = PBXGroup;
			children = (
				D2AAC07E0554694100DB518D /* libTapkuLibrary.a */,
			);
			name = Products;
			sourceTree = "<group>";
		};
		0867D691FE84028FC02AAC07 /* TapkuLibrary */ = {
			isa = PBXGroup;
			children = (
				3BAC98C910953DCC00F235F1 /* TapkuLibrary */,
				32C88DFF0371C24200C91783 /* Other Sources */,
				0867D69AFE84028FC02AAC07 /* Frameworks */,
				034768DFFF38A50411DB9C8B /* Products */,
			);
			name = TapkuLibrary;
			sourceTree = "<group>";
		};
		0867D69AFE84028FC02AAC07 /* Frameworks */ = {
			isa = PBXGroup;
			children = (
				3BAC995510953DF400F235F1 /* SystemConfiguration.framework */,
				3BAC995610953DF400F235F1 /* CoreGraphics.framework */,
				3BAC995710953DF400F235F1 /* UIKit.framework */,
				3BAC995810953DF400F235F1 /* QuartzCore.framework */,
				3BAC995910953DF400F235F1 /* MapKit.framework */,
				AACBBE490F95108600F1A2B1 /* Foundation.framework */,
			);
			name = Frameworks;
			sourceTree = "<group>";
		};
		32C88DFF0371C24200C91783 /* Other Sources */ = {
			isa = PBXGroup;
			children = (
				AA747D9E0F9514B9006C5449 /* TapkuLibrary_Prefix.pch */,
			);
			name = "Other Sources";
			sourceTree = "<group>";
		};
		3BAC98C910953DCC00F235F1 /* TapkuLibrary */ = {
			isa = PBXGroup;
			children = (
				3BAC9A1B10953E5200F235F1 /* TapkuLibrary.h */,
				3BAC9A1C10953E5200F235F1 /* Global */,
				3BAC99F910953E2400F235F1 /* Calendar */,
				3BAC9A3E10953E5200F235F1 /* HUD */,
			);
			path = TapkuLibrary;
			sourceTree = "<group>";
		};
		3BAC99F910953E2400F235F1 /* Calendar */ = {
			isa = PBXGroup;
			children = (
				3BF002FE109662E30062DA49 /* Month */,
			);
			name = Calendar;
			sourceTree = "<group>";
		};
		3BAC9A1C10953E5200F235F1 /* Global */ = {
			isa = PBXGroup;
			children = (
				3BAC9A1D10953E5200F235F1 /* TKUGlobal.h */,
				3BAC9A1E10953E5200F235F1 /* TKUGlobal.m */,
				3BAC9A1F10953E5200F235F1 /* UIImage+TKUAdditions.h */,
				3BAC9A2010953E5200F235F1 /* UIImage+TKUAdditions.m */,
				3BAC9A2110953E5200F235F1 /* UIView+TKUAdditions.h */,
				3BAC9A2210953E5200F235F1 /* UIView+TKUAdditions.m */,
				3BAC9A2310953E5200F235F1 /* NSDate+TKUAdditions.h */,
				3BAC9A2410953E5200F235F1 /* NSDate+TKUAdditions.m */,
				3BF000FC10957EE50062DA49 /* NSString+TKUAdditions.h */,
				3BF000FD10957EE50062DA49 /* NSString+TKUAdditions.m */,
			);
			name = Global;
			sourceTree = "<group>";
		};
		3BAC9A3E10953E5200F235F1 /* HUD */ = {
			isa = PBXGroup;
			children = (
				3BAC9A3F10953E5200F235F1 /* TKULoadingHUDView.h */,
				3BAC9A4010953E5200F235F1 /* TKULoadingHUDView.m */,
			);
			name = HUD;
			sourceTree = "<group>";
		};
		3BF002FE109662E30062DA49 /* Month */ = {
			isa = PBXGroup;
			children = (
				3BAC99FE10953E2400F235F1 /* TKUCalendarMonthViewController.h */,
				3BAC99FF10953E2400F235F1 /* TKUCalendarMonthViewController.m */,
				3BAC99FC10953E2400F235F1 /* TKUCalendarMonthView.h */,
				3BAC99FD10953E2400F235F1 /* TKUCalendarMonthView.m */,
			);
			name = Month;
			sourceTree = "<group>";
		};
/* End PBXGroup section */

/* Begin PBXHeadersBuildPhase section */
		D2AAC07A0554694100DB518D /* Headers */ = {
			isa = PBXHeadersBuildPhase;
			buildActionMask = 2147483647;
			files = (
				AA747D9F0F9514B9006C5449 /* TapkuLibrary_Prefix.pch in Headers */,
				3BAC9A0B10953E2400F235F1 /* TKUCalendarMonthView.h in Headers */,
				3BAC9A0D10953E2400F235F1 /* TKUCalendarMonthViewController.h in Headers */,
				3BAC9A5510953E5200F235F1 /* TapkuLibrary.h in Headers */,
				3BAC9A5610953E5200F235F1 /* TKUGlobal.h in Headers */,
				3BAC9A5810953E5200F235F1 /* UIImage+TKUAdditions.h in Headers */,
				3BAC9A5A10953E5200F235F1 /* UIView+TKUAdditions.h in Headers */,
				3BAC9A5C10953E5200F235F1 /* NSDate+TKUAdditions.h in Headers */,
				3BAC9A7410953E5200F235F1 /* TKULoadingHUDView.h in Headers */,
				3BF000FE10957EE50062DA49 /* NSString+TKUAdditions.h in Headers */,
			);
			runOnlyForDeploymentPostprocessing = 0;
		};
/* End PBXHeadersBuildPhase section */

/* Begin PBXNativeTarget section */
		D2AAC07D0554694100DB518D /* TapkuLibrary */ = {
			isa = PBXNativeTarget;
			buildConfigurationList = 1DEB921E08733DC00010E9CD /* Build configuration list for PBXNativeTarget "TapkuLibrary" */;
			buildPhases = (
				D2AAC07A0554694100DB518D /* Headers */,
				D2AAC07B0554694100DB518D /* Sources */,
				D2AAC07C0554694100DB518D /* Frameworks */,
			);
			buildRules = (
			);
			dependencies = (
			);
			name = TapkuLibrary;
			productName = TapkuLibrary;
			productReference = D2AAC07E0554694100DB518D /* libTapkuLibrary.a */;
			productType = "com.apple.product-type.library.static";
		};
/* End PBXNativeTarget section */

/* Begin PBXProject section */
		0867D690FE84028FC02AAC07 /* Project object */ = {
			isa = PBXProject;
			attributes = {
				BuildIndependentTargetsInParallel = YES;
				LastUpgradeCheck = 0450;
			};
			buildConfigurationList = 1DEB922208733DC00010E9CD /* Build configuration list for PBXProject "TapkuLibrary" */;
			compatibilityVersion = "Xcode 3.2";
			developmentRegion = English;
			hasScannedForEncodings = 1;
			knownRegions = (
				en,
			);
			mainGroup = 0867D691FE84028FC02AAC07 /* TapkuLibrary */;
			productRefGroup = 034768DFFF38A50411DB9C8B /* Products */;
			projectDirPath = "";
			projectRoot = "";
			targets = (
				D2AAC07D0554694100DB518D /* TapkuLibrary */,
			);
		};
/* End PBXProject section */

/* Begin PBXSourcesBuildPhase section */
		D2AAC07B0554694100DB518D /* Sources */ = {
			isa = PBXSourcesBuildPhase;
			buildActionMask = 2147483647;
			files = (
				3BAC9A0C10953E2400F235F1 /* TKUCalendarMonthView.m in Sources */,
				3BAC9A0E10953E2400F235F1 /* TKUCalendarMonthViewController.m in Sources */,
				3BAC9A5710953E5200F235F1 /* TKUGlobal.m in Sources */,
				3BAC9A5910953E5200F235F1 /* UIImage+TKUAdditions.m in Sources */,
				3BAC9A5B10953E5200F235F1 /* UIView+TKUAdditions.m in Sources */,
				3BAC9A5D10953E5200F235F1 /* NSDate+TKUAdditions.m in Sources */,
				3BAC9A7510953E5200F235F1 /* TKULoadingHUDView.m in Sources */,
				3BF000FF10957EE50062DA49 /* NSString+TKUAdditions.m in Sources */,
			);
			runOnlyForDeploymentPostprocessing = 0;
		};
/* End PBXSourcesBuildPhase section */

/* Begin XCBuildConfiguration section */
		1DEB921F08733DC00010E9CD /* Debug */ = {
			isa = XCBuildConfiguration;
			buildSettings = {
				ALWAYS_SEARCH_USER_PATHS = NO;
				ARCHS = (
					armv6,
					armv7,
				);
				CLANG_ENABLE_OBJC_ARC = YES;
				COPY_PHASE_STRIP = NO;
				DSTROOT = /tmp/TapkuLibrary.dst;
				GCC_DYNAMIC_NO_PIC = NO;
				GCC_MODEL_TUNING = G5;
				GCC_OPTIMIZATION_LEVEL = 0;
				GCC_PRECOMPILE_PREFIX_HEADER = YES;
				GCC_PREFIX_HEADER = TapkuLibrary_Prefix.pch;
				GCC_THUMB_SUPPORT = NO;
				INSTALL_PATH = /usr/local/lib;
				PRODUCT_NAME = TapkuLibrary;
				SKIP_INSTALL = YES;
				ZERO_LINK = NO;
			};
			name = Debug;
		};
		1DEB922008733DC00010E9CD /* Release */ = {
			isa = XCBuildConfiguration;
			buildSettings = {
				ALWAYS_SEARCH_USER_PATHS = NO;
				ARCHS = (
					armv6,
					armv7,
				);
				CLANG_ENABLE_OBJC_ARC = YES;
				DSTROOT = /tmp/TapkuLibrary.dst;
				GCC_MODEL_TUNING = G5;
				GCC_PRECOMPILE_PREFIX_HEADER = YES;
				GCC_PREFIX_HEADER = TapkuLibrary_Prefix.pch;
				GCC_THUMB_SUPPORT = NO;
				INSTALL_PATH = /usr/local/lib;
				PRODUCT_NAME = TapkuLibrary;
				SKIP_INSTALL = YES;
				ZERO_LINK = NO;
			};
			name = Release;
		};
		1DEB922308733DC00010E9CD /* Debug */ = {
			isa = XCBuildConfiguration;
			buildSettings = {
				GCC_C_LANGUAGE_STANDARD = c99;
				GCC_OPTIMIZATION_LEVEL = 0;
				GCC_WARN_ABOUT_RETURN_TYPE = YES;
				GCC_WARN_UNUSED_VARIABLE = YES;
				IPHONEOS_DEPLOYMENT_TARGET = 6.0;
				OTHER_LDFLAGS = (
					"-all_load",
					"-ObjC",
				);
				SDKROOT = iphoneos;
				SYMROOT = /tmp/TapkuLibrary/build;
			};
			name = Debug;
		};
		1DEB922408733DC00010E9CD /* Release */ = {
			isa = XCBuildConfiguration;
			buildSettings = {
				GCC_C_LANGUAGE_STANDARD = c99;
				GCC_WARN_ABOUT_RETURN_TYPE = YES;
				GCC_WARN_UNUSED_VARIABLE = YES;
				IPHONEOS_DEPLOYMENT_TARGET = 6.0;
				OTHER_LDFLAGS = (
					"-all_load",
					"-ObjC",
				);
				SDKROOT = iphoneos;
				SYMROOT = /tmp/TapkuLibrary/build;
			};
			name = Release;
		};
/* End XCBuildConfiguration section */

/* Begin XCConfigurationList section */
		1DEB921E08733DC00010E9CD /* Build configuration list for PBXNativeTarget "TapkuLibrary" */ = {
			isa = XCConfigurationList;
			buildConfigurations = (
				1DEB921F08733DC00010E9CD /* Debug */,
				1DEB922008733DC00010E9CD /* Release */,
			);
			defaultConfigurationIsVisible = 0;
			defaultConfigurationName = Release;
		};
		1DEB922208733DC00010E9CD /* Build configuration list for PBXProject "TapkuLibrary" */ = {
			isa = XCConfigurationList;
			buildConfigurations = (
				1DEB922308733DC00010E9CD /* Debug */,
				1DEB922408733DC00010E9CD /* Release */,
			);
			defaultConfigurationIsVisible = 0;
			defaultConfigurationName = Release;
		};
/* End XCConfigurationList section */
	};
	rootObject = 0867D690FE84028FC02AAC07 /* Project object */;
}
